
Microsoft Visual Studio Solution File, Format Version 11.00
# Visual Studio 2010
Project("{FAE04EC0-301F-11D3-BF4B-00C04F79EFBC}") = "teste1", "teste1\teste1.csproj", "{B9F53048-5671-4BFE-9C29-FC5A10B78861}"
EndProject
Global
	GlobalSection(SolutionConfigurationPlatforms) = preSolution
		Debug|x86 = Debug|x86
		Release|x86 = Release|x86
	EndGlobalSection
	GlobalSection(ProjectConfigurationPlatforms) = postSolution
		{B9F53048-5671-4BFE-9C29-FC5A10B78861}.Debug|x86.ActiveCfg = Debug|x86
		{B9F53048-5671-4BFE-9C29-FC5A10B78861}.Debug|x86.Build.0 = Debug|x86
		{B9F53048-5671-4BFE-9C29-FC5A10B78861}.Release|x86.ActiveCfg = Release|x86
		{B9F53048-5671-4BFE-9C29-FC5A10B78861}.Release|x86.Build.0 = Release|x86
	EndGlobalSection
	GlobalSection(SolutionProperties) = preSolution
		HideSolutionNode = FALSE
	EndGlobalSection
EndGlobal
